
Microsoft Visual Studio Solution File, Format Version 12.00
# Visual Studio Version 16
VisualStudioVersion = 16.0.30330.147
MinimumVisualStudioVersion = 10.0.40219.1
Project("{FAE04EC0-301F-11D3-BF4B-00C04F79EFBC}") = "TaskManagementCore", "TaskManagementCore\TaskManagementCore.csproj", "{09367DC7-07DA-4CA4-A72D-E3DF379A24F8}"
EndProject
Global
	GlobalSection(SolutionConfigurationPlatforms) = preSolution
		Debug|Any CPU = Debug|Any CPU
		Release|Any CPU = Release|Any CPU
	EndGlobalSection
	GlobalSection(ProjectConfigurationPlatforms) = postSolution
		{09367DC7-07DA-4CA4-A72D-E3DF379A24F8}.Debug|Any CPU.ActiveCfg = Debug|Any CPU
		{09367DC7-07DA-4CA4-A72D-E3DF379A24F8}.Debug|Any CPU.Build.0 = Debug|Any CPU
		{09367DC7-07DA-4CA4-A72D-E3DF379A24F8}.Release|Any CPU.ActiveCfg = Release|Any CPU
		{09367DC7-07DA-4CA4-A72D-E3DF379A24F8}.Release|Any CPU.Build.0 = Release|Any CPU
	EndGlobalSection
	GlobalSection(SolutionProperties) = preSolution
		HideSolutionNode = FALSE
	EndGlobalSection
	GlobalSection(ExtensibilityGlobals) = postSolution
		SolutionGuid = {10DABF87-2B94-4E9C-9392-722AF17B07D5}
	EndGlobalSection
EndGlobal
